
Microsoft Visual Studio Solution File, Format Version 12.00
# Visual Studio Version 16
VisualStudioVersion = 16.0.30309.148
MinimumVisualStudioVersion = 10.0.40219.1
Project("{FAE04EC0-301F-11D3-BF4B-00C04F79EFBC}") = "MaskSensitiveInformation", "MaskSensitiveInformation\MaskSensitiveInformation.csproj", "{B2F9FB91-6377-4D5F-9E5B-6FD6E39C9461}"
EndProject
Global
	GlobalSection(SolutionConfigurationPlatforms) = preSolution
		Debug|Any CPU = Debug|Any CPU
		Release|Any CPU = Release|Any CPU
	EndGlobalSection
	GlobalSection(ProjectConfigurationPlatforms) = postSolution
		{B2F9FB91-6377-4D5F-9E5B-6FD6E39C9461}.Debug|Any CPU.ActiveCfg = Debug|Any CPU
		{B2F9FB91-6377-4D5F-9E5B-6FD6E39C9461}.Debug|Any CPU.Build.0 = Debug|Any CPU
		{B2F9FB91-6377-4D5F-9E5B-6FD6E39C9461}.Release|Any CPU.ActiveCfg = Release|Any CPU
		{B2F9FB91-6377-4D5F-9E5B-6FD6E39C9461}.Release|Any CPU.Build.0 = Release|Any CPU
	EndGlobalSection
	GlobalSection(SolutionProperties) = preSolution
		HideSolutionNode = FALSE
	EndGlobalSection
	GlobalSection(ExtensibilityGlobals) = postSolution
		SolutionGuid = {F7F9CD1F-D64F-4C3C-A5FE-50061E84C691}
	EndGlobalSection
EndGlobal
